// !$*UTF8*$!
{
	archiveVersion = 1;
	classes = {
	};
	objectVersion = 46;
	objects = {

/* Begin PBXBuildFile section */
		60999D7D19C1DC5A0077055D /* Foundation.framework in Frameworks */ = {isa = PBXBuildFile; fileRef = 60999D7C19C1DC5A0077055D /* Foundation.framework */; };
		60999D7F19C1DC5A0077055D /* CoreGraphics.framework in Frameworks */ = {isa = PBXBuildFile; fileRef = 60999D7E19C1DC5A0077055D /* CoreGraphics.framework */; };
		60999D8119C1DC5A0077055D /* UIKit.framework in Frameworks */ = {isa = PBXBuildFile; fileRef = 60999D8019C1DC5A0077055D /* UIKit.framework */; };
		60999D8719C1DC5A0077055D /* InfoPlist.strings in Resources */ = {isa = PBXBuildFile; fileRef = 60999D8519C1DC5A0077055D /* InfoPlist.strings */; };
		60999D8919C1DC5A0077055D /* main.m in Sources */ = {isa = PBXBuildFile; fileRef = 60999D8819C1DC5A0077055D /* main.m */; };
		60999D8D19C1DC5A0077055D /* AppDelegate.m in Sources */ = {isa = PBXBuildFile; fileRef = 60999D8C19C1DC5A0077055D /* AppDelegate.m */; };
		60999D9019C1DC5A0077055D /* Main.storyboard in Resources */ = {isa = PBXBuildFile; fileRef = 60999D8E19C1DC5A0077055D /* Main.storyboard */; };
		60999D9319C1DC5A0077055D /* ViewController.m in Sources */ = {isa = PBXBuildFile; fileRef = 60999D9219C1DC5A0077055D /* ViewController.m */; };
		60999D9519C1DC5A0077055D /* Images.xcassets in Resources */ = {isa = PBXBuildFile; fileRef = 60999D9419C1DC5A0077055D /* Images.xcassets */; };
		60999D9C19C1DC5A0077055D /* XCTest.framework in Frameworks */ = {isa = PBXBuildFile; fileRef = 60999D9B19C1DC5A0077055D /* XCTest.framework */; };
		60999D9D19C1DC5A0077055D /* Foundation.framework in Frameworks */ = {isa = PBXBuildFile; fileRef = 60999D7C19C1DC5A0077055D /* Foundation.framework */; };
		60999D9E19C1DC5A0077055D /* UIKit.framework in Frameworks */ = {isa = PBXBuildFile; fileRef = 60999D8019C1DC5A0077055D /* UIKit.framework */; };
		60999DA619C1DC5A0077055D /* InfoPlist.strings in Resources */ = {isa = PBXBuildFile; fileRef = 60999DA419C1DC5A0077055D /* InfoPlist.strings */; };
		60999DA819C1DC5A0077055D /* Wood_ShedTests.m in Sources */ = {isa = PBXBuildFile; fileRef = 60999DA719C1DC5A0077055D /* Wood_ShedTests.m */; };
/* End PBXBuildFile section */

/* Begin PBXContainerItemProxy section */
		60999D9F19C1DC5A0077055D /* PBXContainerItemProxy */ = {
			isa = PBXContainerItemProxy;
			containerPortal = 60999D7119C1DC5A0077055D /* Project object */;
			proxyType = 1;
			remoteGlobalIDString = 60999D7819C1DC5A0077055D;
			remoteInfo = "Wood Shed";
		};
/* End PBXContainerItemProxy section */

/* Begin PBXFileReference section */
		60999D7919C1DC5A0077055D /* Wood Shed.app */ = {isa = PBXFileReference; explicitFileType = wrapper.application; includeInIndex = 0; path = "Wood Shed.app"; sourceTree = BUILT_PRODUCTS_DIR; };
		60999D7C19C1DC5A0077055D /* Foundation.framework */ = {isa = PBXFileReference; lastKnownFileType = wrapper.framework; name = Foundation.framework; path = System/Library/Frameworks/Foundation.framework; sourceTree = SDKROOT; };
		60999D7E19C1DC5A0077055D /* CoreGraphics.framework */ = {isa = PBXFileReference; lastKnownFileType = wrapper.framework; name = CoreGraphics.framework; path = System/Library/Frameworks/CoreGraphics.framework; sourceTree = SDKROOT; };
		60999D8019C1DC5A0077055D /* UIKit.framework */ = {isa = PBXFileReference; lastKnownFileType = wrapper.framework; name = UIKit.framework; path = System/Library/Frameworks/UIKit.framework; sourceTree = SDKROOT; };
		60999D8419C1DC5A0077055D /* Wood Shed-Info.plist */ = {isa = PBXFileReference; lastKnownFileType = text.plist.xml; path = "Wood Shed-Info.plist"; sourceTree = "<group>"; };
		60999D8619C1DC5A0077055D /* en */ = {isa = PBXFileReference; lastKnownFileType = text.plist.strings; name = en; path = en.lproj/InfoPlist.strings; sourceTree = "<group>"; };
		60999D8819C1DC5A0077055D /* main.m */ = {isa = PBXFileReference; lastKnownFileType = sourcecode.c.objc; path = main.m; sourceTree = "<group>"; };
		60999D8A19C1DC5A0077055D /* Wood Shed-Prefix.pch */ = {isa = PBXFileReference; lastKnownFileType = sourcecode.c.h; path = "Wood Shed-Prefix.pch"; sourceTree = "<group>"; };
		60999D8B19C1DC5A0077055D /* AppDelegate.h */ = {isa = PBXFileReference; lastKnownFileType = sourcecode.c.h; path = AppDelegate.h; sourceTree = "<group>"; };
		60999D8C19C1DC5A0077055D /* AppDelegate.m */ = {isa = PBXFileReference; lastKnownFileType = sourcecode.c.objc; path = AppDelegate.m; sourceTree = "<group>"; };
		60999D8F19C1DC5A0077055D /* Base */ = {isa = PBXFileReference; lastKnownFileType = file.storyboard; name = Base; path = Base.lproj/Main.storyboard; sourceTree = "<group>"; };
		60999D9119C1DC5A0077055D /* ViewController.h */ = {isa = PBXFileReference; lastKnownFileType = sourcecode.c.h; path = ViewController.h; sourceTree = "<group>"; };
		60999D9219C1DC5A0077055D /* ViewController.m */ = {isa = PBXFileReference; lastKnownFileType = sourcecode.c.objc; path = ViewController.m; sourceTree = "<group>"; };
		60999D9419C1DC5A0077055D /* Images.xcassets */ = {isa = PBXFileReference; lastKnownFileType = folder.assetcatalog; path = Images.xcassets; sourceTree = "<group>"; };
		60999D9A19C1DC5A0077055D /* Wood ShedTests.xctest */ = {isa = PBXFileReference; explicitFileType = wrapper.cfbundle; includeInIndex = 0; path = "Wood ShedTests.xctest"; sourceTree = BUILT_PRODUCTS_DIR; };
		60999D9B19C1DC5A0077055D /* XCTest.framework */ = {isa = PBXFileReference; lastKnownFileType = wrapper.framework; name = XCTest.framework; path = Library/Frameworks/XCTest.framework; sourceTree = DEVELOPER_DIR; };
		60999DA319C1DC5A0077055D /* Wood ShedTests-Info.plist */ = {isa = PBXFileReference; lastKnownFileType = text.plist.xml; path = "Wood ShedTests-Info.plist"; sourceTree = "<group>"; };
		60999DA519C1DC5A0077055D /* en */ = {isa = PBXFileReference; lastKnownFileType = text.plist.strings; name = en; path = en.lproj/InfoPlist.strings; sourceTree = "<group>"; };
		60999DA719C1DC5A0077055D /* Wood_ShedTests.m */ = {isa = PBXFileReference; lastKnownFileType = sourcecode.c.objc; path = Wood_ShedTests.m; sourceTree = "<group>"; };
/* End PBXFileReference section */

/* Begin PBXFrameworksBuildPhase section */
		60999D7619C1DC5A0077055D /* Frameworks */ = {
			isa = PBXFrameworksBuildPhase;
			buildActionMask = 2147483647;
			files = (
				60999D7F19C1DC5A0077055D /* CoreGraphics.framework in Frameworks */,
				60999D8119C1DC5A0077055D /* UIKit.framework in Frameworks */,
				60999D7D19C1DC5A0077055D /* Foundation.framework in Frameworks */,
			);
			runOnlyForDeploymentPostprocessing = 0;
		};
		60999D9719C1DC5A0077055D /* Frameworks */ = {
			isa = PBXFrameworksBuildPhase;
			buildActionMask = 2147483647;
			files = (
				60999D9C19C1DC5A0077055D /* XCTest.framework in Frameworks */,
				60999D9E19C1DC5A0077055D /* UIKit.framework in Frameworks */,
				60999D9D19C1DC5A0077055D /* Foundation.framework in Frameworks */,
			);
			runOnlyForDeploymentPostprocessing = 0;
		};
/* End PBXFrameworksBuildPhase section */

/* Begin PBXGroup section */
		60999D7019C1DC5A0077055D = {
			isa = PBXGroup;
			children = (
				60999D8219C1DC5A0077055D /* Wood Shed */,
				60999DA119C1DC5A0077055D /* Wood ShedTests */,
				60999D7B19C1DC5A0077055D /* Frameworks */,
				60999D7A19C1DC5A0077055D /* Products */,
			);
			sourceTree = "<group>";
		};
		60999D7A19C1DC5A0077055D /* Products */ = {
			isa = PBXGroup;
			children = (
				60999D7919C1DC5A0077055D /* Wood Shed.app */,
				60999D9A19C1DC5A0077055D /* Wood ShedTests.xctest */,
			);
			name = Products;
			sourceTree = "<group>";
		};
		60999D7B19C1DC5A0077055D /* Frameworks */ = {
			isa = PBXGroup;
			children = (
				60999D7C19C1DC5A0077055D /* Foundation.framework */,
				60999D7E19C1DC5A0077055D /* CoreGraphics.framework */,
				60999D8019C1DC5A0077055D /* UIKit.framework */,
				60999D9B19C1DC5A0077055D /* XCTest.framework */,
			);
			name = Frameworks;
			sourceTree = "<group>";
		};
		60999D8219C1DC5A0077055D /* Wood Shed */ = {
			isa = PBXGroup;
			children = (
				60999D8B19C1DC5A0077055D /* AppDelegate.h */,
				60999D8C19C1DC5A0077055D /* AppDelegate.m */,
				60999D8E19C1DC5A0077055D /* Main.storyboard */,
				60999D9119C1DC5A0077055D /* ViewController.h */,
				60999D9219C1DC5A0077055D /* ViewController.m */,
				60999D9419C1DC5A0077055D /* Images.xcassets */,
				60999D8319C1DC5A0077055D /* Supporting Files */,
			);
			path = "Wood Shed";
			sourceTree = "<group>";
		};
		60999D8319C1DC5A0077055D /* Supporting Files */ = {
			isa = PBXGroup;
			children = (
				60999D8419C1DC5A0077055D /* Wood Shed-Info.plist */,
				60999D8519C1DC5A0077055D /* InfoPlist.strings */,
				60999D8819C1DC5A0077055D /* main.m */,
				60999D8A19C1DC5A0077055D /* Wood Shed-Prefix.pch */,
			);
			name = "Supporting Files";
			sourceTree = "<group>";
		};
		60999DA119C1DC5A0077055D /* Wood ShedTests */ = {
			isa = PBXGroup;
			children = (
				60999DA719C1DC5A0077055D /* Wood_ShedTests.m */,
				60999DA219C1DC5A0077055D /* Supporting Files */,
			);
			path = "Wood ShedTests";
			sourceTree = "<group>";
		};
		60999DA219C1DC5A0077055D /* Supporting Files */ = {
			isa = PBXGroup;
			children = (
				60999DA319C1DC5A0077055D /* Wood ShedTests-Info.plist */,
				60999DA419C1DC5A0077055D /* InfoPlist.strings */,
			);
			name = "Supporting Files";
			sourceTree = "<group>";
		};
/* End PBXGroup section */

/* Begin PBXNativeTarget section */
		60999D7819C1DC5A0077055D /* Wood Shed */ = {
			isa = PBXNativeTarget;
			buildConfigurationList = 60999DAB19C1DC5A0077055D /* Build configuration list for PBXNativeTarget "Wood Shed" */;
			buildPhases = (
				60999D7519C1DC5A0077055D /* Sources */,
				60999D7619C1DC5A0077055D /* Frameworks */,
				60999D7719C1DC5A0077055D /* Resources */,
			);
			buildRules = (
			);
			dependencies = (
			);
			name = "Wood Shed";
			productName = "Wood Shed";
			productReference = 60999D7919C1DC5A0077055D /* Wood Shed.app */;
			productType = "com.apple.product-type.application";
		};
		60999D9919C1DC5A0077055D /* Wood ShedTests */ = {
			isa = PBXNativeTarget;
			buildConfigurationList = 60999DAE19C1DC5A0077055D /* Build configuration list for PBXNativeTarget "Wood ShedTests" */;
			buildPhases = (
				60999D9619C1DC5A0077055D /* Sources */,
				60999D9719C1DC5A0077055D /* Frameworks */,
				60999D9819C1DC5A0077055D /* Resources */,
			);
			buildRules = (
			);
			dependencies = (
				60999DA019C1DC5A0077055D /* PBXTargetDependency */,
			);
			name = "Wood ShedTests";
			productName = "Wood ShedTests";
			productReference = 60999D9A19C1DC5A0077055D /* Wood ShedTests.xctest */;
			productType = "com.apple.product-type.bundle.unit-test";
		};
/* End PBXNativeTarget section */

/* Begin PBXProject section */
		60999D7119C1DC5A0077055D /* Project object */ = {
			isa = PBXProject;
			attributes = {
				LastUpgradeCheck = 0500;
				ORGANIZATIONNAME = "Russell Gaspard";
				TargetAttributes = {
					60999D9919C1DC5A0077055D = {
						TestTargetID = 60999D7819C1DC5A0077055D;
					};
				};
			};
			buildConfigurationList = 60999D7419C1DC5A0077055D /* Build configuration list for PBXProject "Wood Shed" */;
			compatibilityVersion = "Xcode 3.2";
			developmentRegion = English;
			hasScannedForEncodings = 0;
			knownRegions = (
				en,
				Base,
			);
			mainGroup = 60999D7019C1DC5A0077055D;
			productRefGroup = 60999D7A19C1DC5A0077055D /* Products */;
			projectDirPath = "";
			projectRoot = "";
			targets = (
				60999D7819C1DC5A0077055D /* Wood Shed */,
				60999D9919C1DC5A0077055D /* Wood ShedTests */,
			);
		};
/* End PBXProject section */

/* Begin PBXResourcesBuildPhase section */
		60999D7719C1DC5A0077055D /* Resources */ = {
			isa = PBXResourcesBuildPhase;
			buildActionMask = 2147483647;
			files = (
				60999D9519C1DC5A0077055D /* Images.xcassets in Resources */,
				60999D8719C1DC5A0077055D /* InfoPlist.strings in Resources */,
				60999D9019C1DC5A0077055D /* Main.storyboard in Resources */,
			);
			runOnlyForDeploymentPostprocessing = 0;
		};
		60999D9819C1DC5A0077055D /* Resources */ = {
			isa = PBXResourcesBuildPhase;
			buildActionMask = 2147483647;
			files = (
				60999DA619C1DC5A0077055D /* InfoPlist.strings in Resources */,
			);
			runOnlyForDeploymentPostprocessing = 0;
		};
/* End PBXResourcesBuildPhase section */

/* Begin PBXSourcesBuildPhase section */
		60999D7519C1DC5A0077055D /* Sources */ = {
			isa = PBXSourcesBuildPhase;
			buildActionMask = 2147483647;
			files = (
				60999D9319C1DC5A0077055D /* ViewController.m in Sources */,
				60999D8D19C1DC5A0077055D /* AppDelegate.m in Sources */,
				60999D8919C1DC5A0077055D /* main.m in Sources */,
			);
			runOnlyForDeploymentPostprocessing = 0;
		};
		60999D9619C1DC5A0077055D /* Sources */ = {
			isa = PBXSourcesBuildPhase;
			buildActionMask = 2147483647;
			files = (
				60999DA819C1DC5A0077055D /* Wood_ShedTests.m in Sources */,
			);
			runOnlyForDeploymentPostprocessing = 0;
		};
/* End PBXSourcesBuildPhase section */

/* Begin PBXTargetDependency section */
		60999DA019C1DC5A0077055D /* PBXTargetDependency */ = {
			isa = PBXTargetDependency;
			target = 60999D7819C1DC5A0077055D /* Wood Shed */;
			targetProxy = 60999D9F19C1DC5A0077055D /* PBXContainerItemProxy */;
		};
/* End PBXTargetDependency section */

/* Begin PBXVariantGroup section */
		60999D8519C1DC5A0077055D /* InfoPlist.strings */ = {
			isa = PBXVariantGroup;
			children = (
				60999D8619C1DC5A0077055D /* en */,
			);
			name = InfoPlist.strings;
			sourceTree = "<group>";
		};
		60999D8E19C1DC5A0077055D /* Main.storyboard */ = {
			isa = PBXVariantGroup;
			children = (
				60999D8F19C1DC5A0077055D /* Base */,
			);
			name = Main.storyboard;
			sourceTree = "<group>";
		};
		60999DA419C1DC5A0077055D /* InfoPlist.strings */ = {
			isa = PBXVariantGroup;
			children = (
				60999DA519C1DC5A0077055D /* en */,
			);
			name = InfoPlist.strings;
			sourceTree = "<group>";
		};
/* End PBXVariantGroup section */

/* Begin XCBuildConfiguration section */
		60999DA919C1DC5A0077055D /* Debug */ = {
			isa = XCBuildConfiguration;
			buildSettings = {
				ALWAYS_SEARCH_USER_PATHS = NO;
				ARCHS = "$(ARCHS_STANDARD_INCLUDING_64_BIT)";
				CLANG_CXX_LANGUAGE_STANDARD = "gnu++0x";
				CLANG_CXX_LIBRARY = "libc++";
				CLANG_ENABLE_MODULES = YES;
				CLANG_ENABLE_OBJC_ARC = YES;
				CLANG_WARN_BOOL_CONVERSION = YES;
				CLANG_WARN_CONSTANT_CONVERSION = YES;
				CLANG_WARN_DIRECT_OBJC_ISA_USAGE = YES_ERROR;
				CLANG_WARN_EMPTY_BODY = YES;
				CLANG_WARN_ENUM_CONVERSION = YES;
				CLANG_WARN_INT_CONVERSION = YES;
				CLANG_WARN_OBJC_ROOT_CLASS = YES_ERROR;
				CLANG_WARN__DUPLICATE_METHOD_MATCH = YES;
				"CODE_SIGN_IDENTITY[sdk=iphoneos*]" = "iPhone Developer";
				COPY_PHASE_STRIP = NO;
				GCC_C_LANGUAGE_STANDARD = gnu99;
				GCC_DYNAMIC_NO_PIC = NO;
				GCC_OPTIMIZATION_LEVEL = 0;
				GCC_PREPROCESSOR_DEFINITIONS = (
					"DEBUG=1",
					"$(inherited)",
				);
				GCC_SYMBOLS_PRIVATE_EXTERN = NO;
				GCC_WARN_64_TO_32_BIT_CONVERSION = YES;
				GCC_WARN_ABOUT_RETURN_TYPE = YES_ERROR;
				GCC_WARN_UNDECLARED_SELECTOR = YES;
				GCC_WARN_UNINITIALIZED_AUTOS = YES;
				GCC_WARN_UNUSED_FUNCTION = YES;
				GCC_WARN_UNUSED_VARIABLE = YES;
				IPHONEOS_DEPLOYMENT_TARGET = 7.0;
				ONLY_ACTIVE_ARCH = YES;
				SDKROOT = iphoneos;
			};
			name = Debug;
		};
		60999DAA19C1DC5A0077055D /* Release */ = {
			isa = XCBuildConfiguration;
			buildSettings = {
				ALWAYS_SEARCH_USER_PATHS = NO;
				ARCHS = "$(ARCHS_STANDARD_INCLUDING_64_BIT)";
				CLANG_CXX_LANGUAGE_STANDARD = "gnu++0x";
				CLANG_CXX_LIBRARY = "libc++";
				CLANG_ENABLE_MODULES = YES;
				CLANG_ENABLE_OBJC_ARC = YES;
				CLANG_WARN_BOOL_CONVERSION = YES;
				CLANG_WARN_CONSTANT_CONVERSION = YES;
				CLANG_WARN_DIRECT_OBJC_ISA_USAGE = YES_ERROR;
				CLANG_WARN_EMPTY_BODY = YES;
				CLANG_WARN_ENUM_CONVERSION = YES;
				CLANG_WARN_INT_CONVERSION = YES;
				CLANG_WARN_OBJC_ROOT_CLASS = YES_ERROR;
				CLANG_WARN__DUPLICATE_METHOD_MATCH = YES;
				"CODE_SIGN_IDENTITY[sdk=iphoneos*]" = "iPhone Developer";
				COPY_PHASE_STRIP = YES;
				ENABLE_NS_ASSERTIONS = NO;
				GCC_C_LANGUAGE_STANDARD = gnu99;
				GCC_WARN_64_TO_32_BIT_CONVERSION = YES;
				GCC_WARN_ABOUT_RETURN_TYPE = YES_ERROR;
				GCC_WARN_UNDECLARED_SELECTOR = YES;
				GCC_WARN_UNINITIALIZED_AUTOS = YES;
				GCC_WARN_UNUSED_FUNCTION = YES;
				GCC_WARN_UNUSED_VARIABLE = YES;
				IPHONEOS_DEPLOYMENT_TARGET = 7.0;
				SDKROOT = iphoneos;
				VALIDATE_PRODUCT = YES;
			};
			name = Release;
		};
		60999DAC19C1DC5A0077055D /* Debug */ = {
			isa = XCBuildConfiguration;
			buildSettings = {
				ASSETCATALOG_COMPILER_APPICON_NAME = AppIcon;
				ASSETCATALOG_COMPILER_LAUNCHIMAGE_NAME = LaunchImage;
				GCC_PRECOMPILE_PREFIX_HEADER = YES;
				GCC_PREFIX_HEADER = "Wood Shed/Wood Shed-Prefix.pch";
				INFOPLIST_FILE = "Wood Shed/Wood Shed-Info.plist";
				PRODUCT_NAME = "$(TARGET_NAME)";
				WRAPPER_EXTENSION = app;
			};
			name = Debug;
		};
		60999DAD19C1DC5A0077055D /* Release */ = {
			isa = XCBuildConfiguration;
			buildSettings = {
				ASSETCATALOG_COMPILER_APPICON_NAME = AppIcon;
				ASSETCATALOG_COMPILER_LAUNCHIMAGE_NAME = LaunchImage;
				GCC_PRECOMPILE_PREFIX_HEADER = YES;
				GCC_PREFIX_HEADER = "Wood Shed/Wood Shed-Prefix.pch";
				INFOPLIST_FILE = "Wood Shed/Wood Shed-Info.plist";
				PRODUCT_NAME = "$(TARGET_NAME)";
				WRAPPER_EXTENSION = app;
			};
			name = Release;
		};
		60999DAF19C1DC5A0077055D /* Debug */ = {
			isa = XCBuildConfiguration;
			buildSettings = {
				ARCHS = "$(ARCHS_STANDARD_INCLUDING_64_BIT)";
				BUNDLE_LOADER = "$(BUILT_PRODUCTS_DIR)/Wood Shed.app/Wood Shed";
				FRAMEWORK_SEARCH_PATHS = (
					"$(SDKROOT)/Developer/Library/Frameworks",
					"$(inherited)",
					"$(DEVELOPER_FRAMEWORKS_DIR)",
				);
				GCC_PRECOMPILE_PREFIX_HEADER = YES;
				GCC_PREFIX_HEADER = "Wood Shed/Wood Shed-Prefix.pch";
				GCC_PREPROCESSOR_DEFINITIONS = (
					"DEBUG=1",
					"$(inherited)",
				);
				INFOPLIST_FILE = "Wood ShedTests/Wood ShedTests-Info.plist";
				PRODUCT_NAME = "$(TARGET_NAME)";
				TEST_HOST = "$(BUNDLE_LOADER)";
				WRAPPER_EXTENSION = xctest;
			};
			name = Debug;
		};
		60999DB019C1DC5A0077055D /* Release */ = {
			isa = XCBuildConfiguration;
			buildSettings = {
				ARCHS = "$(ARCHS_STANDARD_INCLUDING_64_BIT)";
				BUNDLE_LOADER = "$(BUILT_PRODUCTS_DIR)/Wood Shed.app/Wood Shed";
				FRAMEWORK_SEARCH_PATHS = (
					"$(SDKROOT)/Developer/Library/Frameworks",
					"$(inherited)",
					"$(DEVELOPER_FRAMEWORKS_DIR)",
				);
				GCC_PRECOMPILE_PREFIX_HEADER = YES;
				GCC_PREFIX_HEADER = "Wood Shed/Wood Shed-Prefix.pch";
				INFOPLIST_FILE = "Wood ShedTests/Wood ShedTests-Info.plist";
				PRODUCT_NAME = "$(TARGET_NAME)";
				TEST_HOST = "$(BUNDLE_LOADER)";
				WRAPPER_EXTENSION = xctest;
			};
			name = Release;
		};
/* End XCBuildConfiguration section */

/* Begin XCConfigurationList section */
		60999D7419C1DC5A0077055D /* Build configuration list for PBXProject "Wood Shed" */ = {
			isa = XCConfigurationList;
			buildConfigurations = (
				60999DA919C1DC5A0077055D /* Debug */,
				60999DAA19C1DC5A0077055D /* Release */,
			);
			defaultConfigurationIsVisible = 0;
			defaultConfigurationName = Release;
		};
		60999DAB19C1DC5A0077055D /* Build configuration list for PBXNativeTarget "Wood Shed" */ = {
			isa = XCConfigurationList;
			buildConfigurations = (
				60999DAC19C1DC5A0077055D /* Debug */,
				60999DAD19C1DC5A0077055D /* Release */,
			);
			defaultConfigurationIsVisible = 0;
		};
		60999DAE19C1DC5A0077055D /* Build configuration list for PBXNativeTarget "Wood ShedTests" */ = {
			isa = XCConfigurationList;
			buildConfigurations = (
				60999DAF19C1DC5A0077055D /* Debug */,
				60999DB019C1DC5A0077055D /* Release */,
			);
			defaultConfigurationIsVisible = 0;
		};
/* End XCConfigurationList section */
	};
	rootObject = 60999D7119C1DC5A0077055D /* Project object */;
}
